{
  "name": "rsapp-task-template",
  "version": "1.0.0",
  "lockfileVersion": 3,
  "requires": true,
  "packages": {
    "": {
      "name": "rsapp-task-template",
      "version": "1.0.0",
      "license": "MIT",
      "devDependencies": {
        "is-valid-npm-name": "0.0.5"
      },
      "engines": {
        "node": ">=20",
        "npm": ">=10"
      }
    },
    "node_modules/is-string-and-not-blank": {
      "version": "0.0.2",
      "resolved": "https://registry.npmjs.org/is-string-and-not-blank/-/is-string-and-not-blank-0.0.2.tgz",
      "integrity": "sha512-FyPGAbNVyZpTeDCTXnzuwbu9/WpNXbCfbHXLpCRpN4GANhS00eEIP5Ef+k5HYSNIzIhdN9zRDoBj6unscECvtQ==",
      "dev": true,
      "dependencies": {
        "is-string-blank": "^1.0.1"
      },
      "engines": {
        "node": ">=6.4.0"
      }
    },
    "node_modules/is-string-blank": {
      "version": "1.0.1",
      "resolved": "https://registry.npmjs.org/is-string-blank/-/is-string-blank-1.0.1.tgz",
      "integrity": "sha512-9H+ZBCVs3L9OYqv8nuUAzpcT9OTgMD1yAWrG7ihlnibdkbtB850heAmYWxHuXc4CHy4lKeK69tN+ny1K7gBIrw==",
      "dev": true
    },
    "node_modules/is-valid-npm-name": {
      "version": "0.0.5",
      "resolved": "https://registry.npmjs.org/is-valid-npm-name/-/is-valid-npm-name-0.0.5.tgz",
      "integrity": "sha512-hAGRmGiskVJ7+zzxwsGzp7QTIJKMEZzozRlgIIGDfNPxjGBgBBtTKELd9+VXzmsIY82SaIOJRG3bsDkRAUSQwA==",
      "dev": true,
      "dependencies": {
        "is-string-and-not-blank": "^0.0.2",
        "speakingurl": "^14.0.1"
      },
      "engines": {
        "node": ">=8.3"
      }
    },
    "node_modules/speakingurl": {
      "version": "14.0.1",
      "resolved": "https://registry.npmjs.org/speakingurl/-/speakingurl-14.0.1.tgz",
      "integrity": "sha512-1POYv7uv2gXoyGFpBCmpDVSNV74IfsWlDW216UPjbWufNf+bSU6GdbDsxdcxtfwb4xlI3yxzOTKClUosxARYrQ==",
      "dev": true,
      "engines": {
        "node": ">=0.10.0"
      }
    }
  }
}
